
Microsoft Visual Studio Solution File, Format Version 12.00
# Visual Studio Version 16
VisualStudioVersion = 16.0.29411.108
MinimumVisualStudioVersion = 10.0.40219.1
Project("{FAE04EC0-301F-11D3-BF4B-00C04F79EFBC}") = "MemoEngineCore", "MemoEngineCore\MemoEngineCore.csproj", "{41FFF11A-FD66-409E-A42E-8010A55D0689}"
EndProject
Project("{2150E333-8FDC-42A3-9474-1A3956D46DE8}") = "AspNetCoreBook", "AspNetCoreBook", "{C5BC6EAE-4D87-495F-9FD4-FA036B5C4FDA}"
EndProject
Project("{2150E333-8FDC-42A3-9474-1A3956D46DE8}") = "01_VisualStudio", "01_VisualStudio", "{9DB7B52A-2C46-4878-9534-7AFC6E909AB0}"
EndProject
Project("{9A19103F-16F7-4668-BE54-9A1E7A4F7556}") = "HelloWorldNetCore", "HelloWorldNetCore\HelloWorldNetCore.csproj", "{D826E0B2-9856-4D16-B90B-879ADE16B62E}"
EndProject
Project("{9A19103F-16F7-4668-BE54-9A1E7A4F7556}") = "HelloWorldNetCoreWithCode", "HelloWorldNetCoreWithCode\HelloWorldNetCoreWithCode.csproj", "{5216164C-EB14-405B-A61F-138EF302A683}"
EndProject
Project("{FAE04EC0-301F-11D3-BF4B-00C04F79EFBC}") = "HelloWorldNetFramework", "HelloWorldNetFramework\HelloWorldNetFramework.csproj", "{20C1EB72-A9E5-4A5D-948A-F2B91A4D685F}"
EndProject
Project("{2150E333-8FDC-42A3-9474-1A3956D46DE8}") = "02_AspNet", "02_AspNet", "{2153DF3E-58C8-4AE8-B94C-97F41C9D10CA}"
EndProject
Project("{FAE04EC0-301F-11D3-BF4B-00C04F79EFBC}") = "DevHelloWorld", "DevHelloWorld\DevHelloWorld.csproj", "{DB0A2ACA-3FBD-4752-8B2E-D470B9F5DEF4}"
EndProject
Global
	GlobalSection(SolutionConfigurationPlatforms) = preSolution
		Debug|Any CPU = Debug|Any CPU
		Release|Any CPU = Release|Any CPU
	EndGlobalSection
	GlobalSection(ProjectConfigurationPlatforms) = postSolution
		{41FFF11A-FD66-409E-A42E-8010A55D0689}.Debug|Any CPU.ActiveCfg = Debug|Any CPU
		{41FFF11A-FD66-409E-A42E-8010A55D0689}.Debug|Any CPU.Build.0 = Debug|Any CPU
		{41FFF11A-FD66-409E-A42E-8010A55D0689}.Release|Any CPU.ActiveCfg = Release|Any CPU
		{41FFF11A-FD66-409E-A42E-8010A55D0689}.Release|Any CPU.Build.0 = Release|Any CPU
		{D826E0B2-9856-4D16-B90B-879ADE16B62E}.Debug|Any CPU.ActiveCfg = Debug|Any CPU
		{D826E0B2-9856-4D16-B90B-879ADE16B62E}.Debug|Any CPU.Build.0 = Debug|Any CPU
		{D826E0B2-9856-4D16-B90B-879ADE16B62E}.Release|Any CPU.ActiveCfg = Release|Any CPU
		{D826E0B2-9856-4D16-B90B-879ADE16B62E}.Release|Any CPU.Build.0 = Release|Any CPU
		{5216164C-EB14-405B-A61F-138EF302A683}.Debug|Any CPU.ActiveCfg = Debug|Any CPU
		{5216164C-EB14-405B-A61F-138EF302A683}.Debug|Any CPU.Build.0 = Debug|Any CPU
		{5216164C-EB14-405B-A61F-138EF302A683}.Release|Any CPU.ActiveCfg = Release|Any CPU
		{5216164C-EB14-405B-A61F-138EF302A683}.Release|Any CPU.Build.0 = Release|Any CPU
		{20C1EB72-A9E5-4A5D-948A-F2B91A4D685F}.Debug|Any CPU.ActiveCfg = Debug|Any CPU
		{20C1EB72-A9E5-4A5D-948A-F2B91A4D685F}.Debug|Any CPU.Build.0 = Debug|Any CPU
		{20C1EB72-A9E5-4A5D-948A-F2B91A4D685F}.Release|Any CPU.ActiveCfg = Release|Any CPU
		{20C1EB72-A9E5-4A5D-948A-F2B91A4D685F}.Release|Any CPU.Build.0 = Release|Any CPU
		{DB0A2ACA-3FBD-4752-8B2E-D470B9F5DEF4}.Debug|Any CPU.ActiveCfg = Debug|Any CPU
		{DB0A2ACA-3FBD-4752-8B2E-D470B9F5DEF4}.Debug|Any CPU.Build.0 = Debug|Any CPU
		{DB0A2ACA-3FBD-4752-8B2E-D470B9F5DEF4}.Release|Any CPU.ActiveCfg = Release|Any CPU
		{DB0A2ACA-3FBD-4752-8B2E-D470B9F5DEF4}.Release|Any CPU.Build.0 = Release|Any CPU
	EndGlobalSection
	GlobalSection(SolutionProperties) = preSolution
		HideSolutionNode = FALSE
	EndGlobalSection
	GlobalSection(NestedProjects) = preSolution
		{9DB7B52A-2C46-4878-9534-7AFC6E909AB0} = {C5BC6EAE-4D87-495F-9FD4-FA036B5C4FDA}
		{D826E0B2-9856-4D16-B90B-879ADE16B62E} = {9DB7B52A-2C46-4878-9534-7AFC6E909AB0}
		{5216164C-EB14-405B-A61F-138EF302A683} = {9DB7B52A-2C46-4878-9534-7AFC6E909AB0}
		{20C1EB72-A9E5-4A5D-948A-F2B91A4D685F} = {9DB7B52A-2C46-4878-9534-7AFC6E909AB0}
		{2153DF3E-58C8-4AE8-B94C-97F41C9D10CA} = {C5BC6EAE-4D87-495F-9FD4-FA036B5C4FDA}
		{DB0A2ACA-3FBD-4752-8B2E-D470B9F5DEF4} = {2153DF3E-58C8-4AE8-B94C-97F41C9D10CA}
	EndGlobalSection
	GlobalSection(ExtensibilityGlobals) = postSolution
		SolutionGuid = {C061210F-6A47-47FE-93C3-D62615CC13FE}
	EndGlobalSection
EndGlobal
